
Microsoft Visual Studio Solution File, Format Version 12.00
# Visual Studio Version 17
VisualStudioVersion = 17.11.35327.3
MinimumVisualStudioVersion = 10.0.40219.1
Project("{8BC9CEB8-8B4A-11D0-8D11-00A0C91BC942}") = "2024-10-21_0001", "2024-10-21_0001\2024-10-21_0001.vcxproj", "{B4C01148-1903-4389-8D20-B695B8014598}"
EndProject
Project("{8BC9CEB8-8B4A-11D0-8D11-00A0C91BC942}") = "2024-10-23_0001", "2024-10-23_0001\2024-10-23_0001.vcxproj", "{4729A003-DEEA-4EB5-8746-A0175B9C5285}"
EndProject
Project("{8BC9CEB8-8B4A-11D0-8D11-00A0C91BC942}") = "2024-10-28_0001", "2024-10-28_0001\2024-10-28_0001.vcxproj", "{5D355266-7E0B-407A-B376-180AB9C42E0F}"
EndProject
Project("{8BC9CEB8-8B4A-11D0-8D11-00A0C91BC942}") = "2024-10-30_0001", "2024-10-30_0001\2024-10-30_0001.vcxproj", "{0B45D310-D4C4-4592-8D43-9435BE09C9C7}"
EndProject
Project("{8BC9CEB8-8B4A-11D0-8D11-00A0C91BC942}") = "2024-11-06_0001", "2024-11-06_0001\2024-11-06_0001.vcxproj", "{2DB357BA-7A39-49BF-933E-37C66A9AF4F6}"
EndProject
Project("{8BC9CEB8-8B4A-11D0-8D11-00A0C91BC942}") = "2024-11-06_0002", "2024-11-06_0002\2024-11-06_0002.vcxproj", "{19696EC3-0A7A-4B26-926E-1D970F317462}"
EndProject
Project("{8BC9CEB8-8B4A-11D0-8D11-00A0C91BC942}") = "2024-11-06_0002-v2", "2024-11-06_0002-v2\2024-11-06_0002-v2.vcxproj", "{2FC06930-C3AD-43F3-AAD0-924A04C8FB7D}"
EndProject
Project("{8BC9CEB8-8B4A-11D0-8D11-00A0C91BC942}") = "2024-11-11_0001", "2024-11-11_0001\2024-11-11_0001.vcxproj", "{86C77783-C4D4-46CC-A08A-50C5DAA63AC8}"
EndProject
Project("{8BC9CEB8-8B4A-11D0-8D11-00A0C91BC942}") = "2024-11-13_0001", "2024-11-13_0001\2024-11-13_0001.vcxproj", "{D1269FFB-9DD1-4CB5-9828-ECF66C87CAB8}"
EndProject
Project("{8BC9CEB8-8B4A-11D0-8D11-00A0C91BC942}") = "2024-11-20_0001", "2024-11-20_0001\2024-11-20_0001.vcxproj", "{A2F84FC4-C4A2-48F6-825F-5AEF361B1D0E}"
EndProject
Project("{8BC9CEB8-8B4A-11D0-8D11-00A0C91BC942}") = "2024-11-25_0001", "2024-11-25_0001\2024-11-25_0001.vcxproj", "{0692E6A0-EA84-4F54-9932-7D7CE900E7D4}"
EndProject
Project("{8BC9CEB8-8B4A-11D0-8D11-00A0C91BC942}") = "2024-11-27_0001", "2024-11-27_0001\2024-11-27_0001.vcxproj", "{81102BA7-D3B3-4876-8D5F-083BAEC6381E}"
EndProject
Project("{8BC9CEB8-8B4A-11D0-8D11-00A0C91BC942}") = "2024-12-02_0001", "2024-12-02_0001\2024-12-02_0001.vcxproj", "{6B40E6A5-E508-4A52-A138-7AAFCAF8603A}"
EndProject
Project("{8BC9CEB8-8B4A-11D0-8D11-00A0C91BC942}") = "2024-12-04_0001", "2024-12-04_0001\2024-12-04_0001.vcxproj", "{28814D12-2CFB-4FB7-9553-7A5CDEDD428B}"
EndProject
Project("{8BC9CEB8-8B4A-11D0-8D11-00A0C91BC942}") = "2024-12-09_0001", "2024-12-09_0001\2024-12-09_0001.vcxproj", "{0FB65319-C3DB-4790-8340-2494A6CB433F}"
EndProject
Project("{8BC9CEB8-8B4A-11D0-8D11-00A0C91BC942}") = "2024-12-16_0001", "2024-12-16_0001\2024-12-16_0001.vcxproj", "{1D41121A-82AD-446D-BB48-A0E13B1B9585}"
EndProject
Project("{8BC9CEB8-8B4A-11D0-8D11-00A0C91BC942}") = "2024-00-00_template", "2024-00-00_template\2024-00-00_template.vcxproj", "{95CF8585-7125-4700-BD65-738C9DC3E8BD}"
EndProject
Project("{8BC9CEB8-8B4A-11D0-8D11-00A0C91BC942}") = "2024-12-18_0001", "2024-12-18_0001\2024-12-18_0001.vcxproj", "{7653EB12-F33E-491E-BA22-CA36C1E77322}"
EndProject
Project("{8BC9CEB8-8B4A-11D0-8D11-00A0C91BC942}") = "2024-12-23_0001", "2024-12-23_0001\2024-12-23_0001.vcxproj", "{2547FDBA-8C59-4500-B048-ED7FCBB09537}"
EndProject
Project("{8BC9CEB8-8B4A-11D0-8D11-00A0C91BC942}") = "2024-12-25_0001", "2024-12-25_0001\2024-12-25_0001.vcxproj", "{03B7D15E-0A56-4CA2-B1ED-CF9B2D3FFA4E}"
EndProject
Project("{8BC9CEB8-8B4A-11D0-8D11-00A0C91BC942}") = "2025-01-13_0001", "2025-01-13_0001\2025-01-13_0001.vcxproj", "{5DFC755E-9B6C-4B26-BFD0-C01F5B132D05}"
EndProject
Project("{8BC9CEB8-8B4A-11D0-8D11-00A0C91BC942}") = "2025-01-20_0001", "2025-01-20_0001\2025-01-20_0001.vcxproj", "{D0F12102-9519-4251-A450-107C81519882}"
EndProject
Project("{8BC9CEB8-8B4A-11D0-8D11-00A0C91BC942}") = "2025-01-22_0001", "2025-01-22_0001\2025-01-22_0001.vcxproj", "{E4D49B82-CBE1-4632-ABBF-054795F4EF35}"
EndProject
Project("{8BC9CEB8-8B4A-11D0-8D11-00A0C91BC942}") = "2025-01-27_0001", "2025-01-27_0001\2025-01-27_0001.vcxproj", "{9493F54A-F0C0-44E0-91F7-98109F4FF257}"
EndProject
Project("{8BC9CEB8-8B4A-11D0-8D11-00A0C91BC942}") = "2025-01-29_0001", "2025-01-29_0001\2025-01-29_0001.vcxproj", "{C9666702-BB6C-47D6-AFFD-C3CFC7BA4A77}"
EndProject
Project("{8BC9CEB8-8B4A-11D0-8D11-00A0C91BC942}") = "2025-02-03_0001", "2025-02-03_0001\2025-02-03_0001.vcxproj", "{1BD7778D-472A-4416-B940-1432A7FF6A2B}"
EndProject
Project("{8BC9CEB8-8B4A-11D0-8D11-00A0C91BC942}") = "2025-02-05_0001", "2025-02-05_0001\2025-02-05_0001.vcxproj", "{FBE0C93F-2906-4FF4-AC92-9967DAB53BB4}"
EndProject
Project("{8BC9CEB8-8B4A-11D0-8D11-00A0C91BC942}") = "2025-02-10_0001", "2025-02-10_0001\2025-02-10_0001.vcxproj", "{0EBF8FDA-113B-4A23-AD0E-17C46B6AC192}"
EndProject
Global
	GlobalSection(SolutionConfigurationPlatforms) = preSolution
		Debug|x64 = Debug|x64
		Debug|x86 = Debug|x86
		Release|x64 = Release|x64
		Release|x86 = Release|x86
	EndGlobalSection
	GlobalSection(ProjectConfigurationPlatforms) = postSolution
		{B4C01148-1903-4389-8D20-B695B8014598}.Debug|x64.ActiveCfg = Debug|x64
		{B4C01148-1903-4389-8D20-B695B8014598}.Debug|x64.Build.0 = Debug|x64
		{B4C01148-1903-4389-8D20-B695B8014598}.Debug|x86.ActiveCfg = Debug|Win32
		{B4C01148-1903-4389-8D20-B695B8014598}.Debug|x86.Build.0 = Debug|Win32
		{B4C01148-1903-4389-8D20-B695B8014598}.Release|x64.ActiveCfg = Release|x64
		{B4C01148-1903-4389-8D20-B695B8014598}.Release|x64.Build.0 = Release|x64
		{B4C01148-1903-4389-8D20-B695B8014598}.Release|x86.ActiveCfg = Release|Win32
		{B4C01148-1903-4389-8D20-B695B8014598}.Release|x86.Build.0 = Release|Win32
		{4729A003-DEEA-4EB5-8746-A0175B9C5285}.Debug|x64.ActiveCfg = Debug|x64
		{4729A003-DEEA-4EB5-8746-A0175B9C5285}.Debug|x64.Build.0 = Debug|x64
		{4729A003-DEEA-4EB5-8746-A0175B9C5285}.Debug|x86.ActiveCfg = Debug|Win32
		{4729A003-DEEA-4EB5-8746-A0175B9C5285}.Debug|x86.Build.0 = Debug|Win32
		{4729A003-DEEA-4EB5-8746-A0175B9C5285}.Release|x64.ActiveCfg = Release|x64
		{4729A003-DEEA-4EB5-8746-A0175B9C5285}.Release|x64.Build.0 = Release|x64
		{4729A003-DEEA-4EB5-8746-A0175B9C5285}.Release|x86.ActiveCfg = Release|Win32
		{4729A003-DEEA-4EB5-8746-A0175B9C5285}.Release|x86.Build.0 = Release|Win32
		{5D355266-7E0B-407A-B376-180AB9C42E0F}.Debug|x64.ActiveCfg = Debug|x64
		{5D355266-7E0B-407A-B376-180AB9C42E0F}.Debug|x64.Build.0 = Debug|x64
		{5D355266-7E0B-407A-B376-180AB9C42E0F}.Debug|x86.ActiveCfg = Debug|Win32
		{5D355266-7E0B-407A-B376-180AB9C42E0F}.Debug|x86.Build.0 = Debug|Win32
		{5D355266-7E0B-407A-B376-180AB9C42E0F}.Release|x64.ActiveCfg = Release|x64
		{5D355266-7E0B-407A-B376-180AB9C42E0F}.Release|x64.Build.0 = Release|x64
		{5D355266-7E0B-407A-B376-180AB9C42E0F}.Release|x86.ActiveCfg = Release|Win32
		{5D355266-7E0B-407A-B376-180AB9C42E0F}.Release|x86.Build.0 = Release|Win32
		{0B45D310-D4C4-4592-8D43-9435BE09C9C7}.Debug|x64.ActiveCfg = Debug|x64
		{0B45D310-D4C4-4592-8D43-9435BE09C9C7}.Debug|x64.Build.0 = Debug|x64
		{0B45D310-D4C4-4592-8D43-9435BE09C9C7}.Debug|x86.ActiveCfg = Debug|Win32
		{0B45D310-D4C4-4592-8D43-9435BE09C9C7}.Debug|x86.Build.0 = Debug|Win32
		{0B45D310-D4C4-4592-8D43-9435BE09C9C7}.Release|x64.ActiveCfg = Release|x64
		{0B45D310-D4C4-4592-8D43-9435BE09C9C7}.Release|x64.Build.0 = Release|x64
		{0B45D310-D4C4-4592-8D43-9435BE09C9C7}.Release|x86.ActiveCfg = Release|Win32
		{0B45D310-D4C4-4592-8D43-9435BE09C9C7}.Release|x86.Build.0 = Release|Win32
		{2DB357BA-7A39-49BF-933E-37C66A9AF4F6}.Debug|x64.ActiveCfg = Debug|x64
		{2DB357BA-7A39-49BF-933E-37C66A9AF4F6}.Debug|x64.Build.0 = Debug|x64
		{2DB357BA-7A39-49BF-933E-37C66A9AF4F6}.Debug|x86.ActiveCfg = Debug|Win32
		{2DB357BA-7A39-49BF-933E-37C66A9AF4F6}.Debug|x86.Build.0 = Debug|Win32
		{2DB357BA-7A39-49BF-933E-37C66A9AF4F6}.Release|x64.ActiveCfg = Release|x64
		{2DB357BA-7A39-49BF-933E-37C66A9AF4F6}.Release|x64.Build.0 = Release|x64
		{2DB357BA-7A39-49BF-933E-37C66A9AF4F6}.Release|x86.ActiveCfg = Release|Win32
		{2DB357BA-7A39-49BF-933E-37C66A9AF4F6}.Release|x86.Build.0 = Release|Win32
		{19696EC3-0A7A-4B26-926E-1D970F317462}.Debug|x64.ActiveCfg = Debug|x64
		{19696EC3-0A7A-4B26-926E-1D970F317462}.Debug|x64.Build.0 = Debug|x64
		{19696EC3-0A7A-4B26-926E-1D970F317462}.Debug|x86.ActiveCfg = Debug|Win32
		{19696EC3-0A7A-4B26-926E-1D970F317462}.Debug|x86.Build.0 = Debug|Win32
		{19696EC3-0A7A-4B26-926E-1D970F317462}.Release|x64.ActiveCfg = Release|x64
		{19696EC3-0A7A-4B26-926E-1D970F317462}.Release|x64.Build.0 = Release|x64
		{19696EC3-0A7A-4B26-926E-1D970F317462}.Release|x86.ActiveCfg = Release|Win32
		{19696EC3-0A7A-4B26-926E-1D970F317462}.Release|x86.Build.0 = Release|Win32
		{2FC06930-C3AD-43F3-AAD0-924A04C8FB7D}.Debug|x64.ActiveCfg = Debug|x64
		{2FC06930-C3AD-43F3-AAD0-924A04C8FB7D}.Debug|x64.Build.0 = Debug|x64
		{2FC06930-C3AD-43F3-AAD0-924A04C8FB7D}.Debug|x86.ActiveCfg = Debug|Win32
		{2FC06930-C3AD-43F3-AAD0-924A04C8FB7D}.Debug|x86.Build.0 = Debug|Win32
		{2FC06930-C3AD-43F3-AAD0-924A04C8FB7D}.Release|x64.ActiveCfg = Release|x64
		{2FC06930-C3AD-43F3-AAD0-924A04C8FB7D}.Release|x64.Build.0 = Release|x64
		{2FC06930-C3AD-43F3-AAD0-924A04C8FB7D}.Release|x86.ActiveCfg = Release|Win32
		{2FC06930-C3AD-43F3-AAD0-924A04C8FB7D}.Release|x86.Build.0 = Release|Win32
		{86C77783-C4D4-46CC-A08A-50C5DAA63AC8}.Debug|x64.ActiveCfg = Debug|x64
		{86C77783-C4D4-46CC-A08A-50C5DAA63AC8}.Debug|x64.Build.0 = Debug|x64
		{86C77783-C4D4-46CC-A08A-50C5DAA63AC8}.Debug|x86.ActiveCfg = Debug|Win32
		{86C77783-C4D4-46CC-A08A-50C5DAA63AC8}.Debug|x86.Build.0 = Debug|Win32
		{86C77783-C4D4-46CC-A08A-50C5DAA63AC8}.Release|x64.ActiveCfg = Release|x64
		{86C77783-C4D4-46CC-A08A-50C5DAA63AC8}.Release|x64.Build.0 = Release|x64
		{86C77783-C4D4-46CC-A08A-50C5DAA63AC8}.Release|x86.ActiveCfg = Release|Win32
		{86C77783-C4D4-46CC-A08A-50C5DAA63AC8}.Release|x86.Build.0 = Release|Win32
		{D1269FFB-9DD1-4CB5-9828-ECF66C87CAB8}.Debug|x64.ActiveCfg = Debug|x64
		{D1269FFB-9DD1-4CB5-9828-ECF66C87CAB8}.Debug|x64.Build.0 = Debug|x64
		{D1269FFB-9DD1-4CB5-9828-ECF66C87CAB8}.Debug|x86.ActiveCfg = Debug|Win32
		{D1269FFB-9DD1-4CB5-9828-ECF66C87CAB8}.Debug|x86.Build.0 = Debug|Win32
		{D1269FFB-9DD1-4CB5-9828-ECF66C87CAB8}.Release|x64.ActiveCfg = Release|x64
		{D1269FFB-9DD1-4CB5-9828-ECF66C87CAB8}.Release|x64.Build.0 = Release|x64
		{D1269FFB-9DD1-4CB5-9828-ECF66C87CAB8}.Release|x86.ActiveCfg = Release|Win32
		{D1269FFB-9DD1-4CB5-9828-ECF66C87CAB8}.Release|x86.Build.0 = Release|Win32
		{A2F84FC4-C4A2-48F6-825F-5AEF361B1D0E}.Debug|x64.ActiveCfg = Debug|x64
		{A2F84FC4-C4A2-48F6-825F-5AEF361B1D0E}.Debug|x64.Build.0 = Debug|x64
		{A2F84FC4-C4A2-48F6-825F-5AEF361B1D0E}.Debug|x86.ActiveCfg = Debug|Win32
		{A2F84FC4-C4A2-48F6-825F-5AEF361B1D0E}.Debug|x86.Build.0 = Debug|Win32
		{A2F84FC4-C4A2-48F6-825F-5AEF361B1D0E}.Release|x64.ActiveCfg = Release|x64
		{A2F84FC4-C4A2-48F6-825F-5AEF361B1D0E}.Release|x64.Build.0 = Release|x64
		{A2F84FC4-C4A2-48F6-825F-5AEF361B1D0E}.Release|x86.ActiveCfg = Release|Win32
		{A2F84FC4-C4A2-48F6-825F-5AEF361B1D0E}.Release|x86.Build.0 = Release|Win32
		{0692E6A0-EA84-4F54-9932-7D7CE900E7D4}.Debug|x64.ActiveCfg = Debug|x64
		{0692E6A0-EA84-4F54-9932-7D7CE900E7D4}.Debug|x64.Build.0 = Debug|x64
		{0692E6A0-EA84-4F54-9932-7D7CE900E7D4}.Debug|x86.ActiveCfg = Debug|Win32
		{0692E6A0-EA84-4F54-9932-7D7CE900E7D4}.Debug|x86.Build.0 = Debug|Win32
		{0692E6A0-EA84-4F54-9932-7D7CE900E7D4}.Release|x64.ActiveCfg = Release|x64
		{0692E6A0-EA84-4F54-9932-7D7CE900E7D4}.Release|x64.Build.0 = Release|x64
		{0692E6A0-EA84-4F54-9932-7D7CE900E7D4}.Release|x86.ActiveCfg = Release|Win32
		{0692E6A0-EA84-4F54-9932-7D7CE900E7D4}.Release|x86.Build.0 = Release|Win32
		{81102BA7-D3B3-4876-8D5F-083BAEC6381E}.Debug|x64.ActiveCfg = Debug|x64
		{81102BA7-D3B3-4876-8D5F-083BAEC6381E}.Debug|x64.Build.0 = Debug|x64
		{81102BA7-D3B3-4876-8D5F-083BAEC6381E}.Debug|x86.ActiveCfg = Debug|Win32
		{81102BA7-D3B3-4876-8D5F-083BAEC6381E}.Debug|x86.Build.0 = Debug|Win32
		{81102BA7-D3B3-4876-8D5F-083BAEC6381E}.Release|x64.ActiveCfg = Release|x64
		{81102BA7-D3B3-4876-8D5F-083BAEC6381E}.Release|x64.Build.0 = Release|x64
		{81102BA7-D3B3-4876-8D5F-083BAEC6381E}.Release|x86.ActiveCfg = Release|Win32
		{81102BA7-D3B3-4876-8D5F-083BAEC6381E}.Release|x86.Build.0 = Release|Win32
		{6B40E6A5-E508-4A52-A138-7AAFCAF8603A}.Debug|x64.ActiveCfg = Debug|x64
		{6B40E6A5-E508-4A52-A138-7AAFCAF8603A}.Debug|x64.Build.0 = Debug|x64
		{6B40E6A5-E508-4A52-A138-7AAFCAF8603A}.Debug|x86.ActiveCfg = Debug|Win32
		{6B40E6A5-E508-4A52-A138-7AAFCAF8603A}.Debug|x86.Build.0 = Debug|Win32
		{6B40E6A5-E508-4A52-A138-7AAFCAF8603A}.Release|x64.ActiveCfg = Release|x64
		{6B40E6A5-E508-4A52-A138-7AAFCAF8603A}.Release|x64.Build.0 = Release|x64
		{6B40E6A5-E508-4A52-A138-7AAFCAF8603A}.Release|x86.ActiveCfg = Release|Win32
		{6B40E6A5-E508-4A52-A138-7AAFCAF8603A}.Release|x86.Build.0 = Release|Win32
		{28814D12-2CFB-4FB7-9553-7A5CDEDD428B}.Debug|x64.ActiveCfg = Debug|x64
		{28814D12-2CFB-4FB7-9553-7A5CDEDD428B}.Debug|x64.Build.0 = Debug|x64
		{28814D12-2CFB-4FB7-9553-7A5CDEDD428B}.Debug|x86.ActiveCfg = Debug|Win32
		{28814D12-2CFB-4FB7-9553-7A5CDEDD428B}.Debug|x86.Build.0 = Debug|Win32
		{28814D12-2CFB-4FB7-9553-7A5CDEDD428B}.Release|x64.ActiveCfg = Release|x64
		{28814D12-2CFB-4FB7-9553-7A5CDEDD428B}.Release|x64.Build.0 = Release|x64
		{28814D12-2CFB-4FB7-9553-7A5CDEDD428B}.Release|x86.ActiveCfg = Release|Win32
		{28814D12-2CFB-4FB7-9553-7A5CDEDD428B}.Release|x86.Build.0 = Release|Win32
		{0FB65319-C3DB-4790-8340-2494A6CB433F}.Debug|x64.ActiveCfg = Debug|x64
		{0FB65319-C3DB-4790-8340-2494A6CB433F}.Debug|x64.Build.0 = Debug|x64
		{0FB65319-C3DB-4790-8340-2494A6CB433F}.Debug|x86.ActiveCfg = Debug|Win32
		{0FB65319-C3DB-4790-8340-2494A6CB433F}.Debug|x86.Build.0 = Debug|Win32
		{0FB65319-C3DB-4790-8340-2494A6CB433F}.Release|x64.ActiveCfg = Release|x64
		{0FB65319-C3DB-4790-8340-2494A6CB433F}.Release|x64.Build.0 = Release|x64
		{0FB65319-C3DB-4790-8340-2494A6CB433F}.Release|x86.ActiveCfg = Release|Win32
		{0FB65319-C3DB-4790-8340-2494A6CB433F}.Release|x86.Build.0 = Release|Win32
		{1D41121A-82AD-446D-BB48-A0E13B1B9585}.Debug|x64.ActiveCfg = Debug|x64
		{1D41121A-82AD-446D-BB48-A0E13B1B9585}.Debug|x64.Build.0 = Debug|x64
		{1D41121A-82AD-446D-BB48-A0E13B1B9585}.Debug|x86.ActiveCfg = Debug|Win32
		{1D41121A-82AD-446D-BB48-A0E13B1B9585}.Debug|x86.Build.0 = Debug|Win32
		{1D41121A-82AD-446D-BB48-A0E13B1B9585}.Release|x64.ActiveCfg = Release|x64
		{1D41121A-82AD-446D-BB48-A0E13B1B9585}.Release|x64.Build.0 = Release|x64
		{1D41121A-82AD-446D-BB48-A0E13B1B9585}.Release|x86.ActiveCfg = Release|Win32
		{1D41121A-82AD-446D-BB48-A0E13B1B9585}.Release|x86.Build.0 = Release|Win32
		{95CF8585-7125-4700-BD65-738C9DC3E8BD}.Debug|x64.ActiveCfg = Debug|x64
		{95CF8585-7125-4700-BD65-738C9DC3E8BD}.Debug|x64.Build.0 = Debug|x64
		{95CF8585-7125-4700-BD65-738C9DC3E8BD}.Debug|x86.ActiveCfg = Debug|Win32
		{95CF8585-7125-4700-BD65-738C9DC3E8BD}.Debug|x86.Build.0 = Debug|Win32
		{95CF8585-7125-4700-BD65-738C9DC3E8BD}.Release|x64.ActiveCfg = Release|x64
		{95CF8585-7125-4700-BD65-738C9DC3E8BD}.Release|x64.Build.0 = Release|x64
		{95CF8585-7125-4700-BD65-738C9DC3E8BD}.Release|x86.ActiveCfg = Release|Win32
		{95CF8585-7125-4700-BD65-738C9DC3E8BD}.Release|x86.Build.0 = Release|Win32
		{7653EB12-F33E-491E-BA22-CA36C1E77322}.Debug|x64.ActiveCfg = Debug|x64
		{7653EB12-F33E-491E-BA22-CA36C1E77322}.Debug|x64.Build.0 = Debug|x64
		{7653EB12-F33E-491E-BA22-CA36C1E77322}.Debug|x86.ActiveCfg = Debug|Win32
		{7653EB12-F33E-491E-BA22-CA36C1E77322}.Debug|x86.Build.0 = Debug|Win32
		{7653EB12-F33E-491E-BA22-CA36C1E77322}.Release|x64.ActiveCfg = Release|x64
		{7653EB12-F33E-491E-BA22-CA36C1E77322}.Release|x64.Build.0 = Release|x64
		{7653EB12-F33E-491E-BA22-CA36C1E77322}.Release|x86.ActiveCfg = Release|Win32
		{7653EB12-F33E-491E-BA22-CA36C1E77322}.Release|x86.Build.0 = Release|Win32
		{2547FDBA-8C59-4500-B048-ED7FCBB09537}.Debug|x64.ActiveCfg = Debug|x64
		{2547FDBA-8C59-4500-B048-ED7FCBB09537}.Debug|x64.Build.0 = Debug|x64
		{2547FDBA-8C59-4500-B048-ED7FCBB09537}.Debug|x86.ActiveCfg = Debug|Win32
		{2547FDBA-8C59-4500-B048-ED7FCBB09537}.Debug|x86.Build.0 = Debug|Win32
		{2547FDBA-8C59-4500-B048-ED7FCBB09537}.Release|x64.ActiveCfg = Release|x64
		{2547FDBA-8C59-4500-B048-ED7FCBB09537}.Release|x64.Build.0 = Release|x64
		{2547FDBA-8C59-4500-B048-ED7FCBB09537}.Release|x86.ActiveCfg = Release|Win32
		{2547FDBA-8C59-4500-B048-ED7FCBB09537}.Release|x86.Build.0 = Release|Win32
		{03B7D15E-0A56-4CA2-B1ED-CF9B2D3FFA4E}.Debug|x64.ActiveCfg = Debug|x64
		{03B7D15E-0A56-4CA2-B1ED-CF9B2D3FFA4E}.Debug|x64.Build.0 = Debug|x64
		{03B7D15E-0A56-4CA2-B1ED-CF9B2D3FFA4E}.Debug|x86.ActiveCfg = Debug|Win32
		{03B7D15E-0A56-4CA2-B1ED-CF9B2D3FFA4E}.Debug|x86.Build.0 = Debug|Win32
		{03B7D15E-0A56-4CA2-B1ED-CF9B2D3FFA4E}.Release|x64.ActiveCfg = Release|x64
		{03B7D15E-0A56-4CA2-B1ED-CF9B2D3FFA4E}.Release|x64.Build.0 = Release|x64
		{03B7D15E-0A56-4CA2-B1ED-CF9B2D3FFA4E}.Release|x86.ActiveCfg = Release|Win32
		{03B7D15E-0A56-4CA2-B1ED-CF9B2D3FFA4E}.Release|x86.Build.0 = Release|Win32
		{5DFC755E-9B6C-4B26-BFD0-C01F5B132D05}.Debug|x64.ActiveCfg = Debug|x64
		{5DFC755E-9B6C-4B26-BFD0-C01F5B132D05}.Debug|x64.Build.0 = Debug|x64
		{5DFC755E-9B6C-4B26-BFD0-C01F5B132D05}.Debug|x86.ActiveCfg = Debug|Win32
		{5DFC755E-9B6C-4B26-BFD0-C01F5B132D05}.Debug|x86.Build.0 = Debug|Win32
		{5DFC755E-9B6C-4B26-BFD0-C01F5B132D05}.Release|x64.ActiveCfg = Release|x64
		{5DFC755E-9B6C-4B26-BFD0-C01F5B132D05}.Release|x64.Build.0 = Release|x64
		{5DFC755E-9B6C-4B26-BFD0-C01F5B132D05}.Release|x86.ActiveCfg = Release|Win32
		{5DFC755E-9B6C-4B26-BFD0-C01F5B132D05}.Release|x86.Build.0 = Release|Win32
		{D0F12102-9519-4251-A450-107C81519882}.Debug|x64.ActiveCfg = Debug|x64
		{D0F12102-9519-4251-A450-107C81519882}.Debug|x64.Build.0 = Debug|x64
		{D0F12102-9519-4251-A450-107C81519882}.Debug|x86.ActiveCfg = Debug|Win32
		{D0F12102-9519-4251-A450-107C81519882}.Debug|x86.Build.0 = Debug|Win32
		{D0F12102-9519-4251-A450-107C81519882}.Release|x64.ActiveCfg = Release|x64
		{D0F12102-9519-4251-A450-107C81519882}.Release|x64.Build.0 = Release|x64
		{D0F12102-9519-4251-A450-107C81519882}.Release|x86.ActiveCfg = Release|Win32
		{D0F12102-9519-4251-A450-107C81519882}.Release|x86.Build.0 = Release|Win32
		{E4D49B82-CBE1-4632-ABBF-054795F4EF35}.Debug|x64.ActiveCfg = Debug|x64
		{E4D49B82-CBE1-4632-ABBF-054795F4EF35}.Debug|x64.Build.0 = Debug|x64
		{E4D49B82-CBE1-4632-ABBF-054795F4EF35}.Debug|x86.ActiveCfg = Debug|Win32
		{E4D49B82-CBE1-4632-ABBF-054795F4EF35}.Debug|x86.Build.0 = Debug|Win32
		{E4D49B82-CBE1-4632-ABBF-054795F4EF35}.Release|x64.ActiveCfg = Release|x64
		{E4D49B82-CBE1-4632-ABBF-054795F4EF35}.Release|x64.Build.0 = Release|x64
		{E4D49B82-CBE1-4632-ABBF-054795F4EF35}.Release|x86.ActiveCfg = Release|Win32
		{E4D49B82-CBE1-4632-ABBF-054795F4EF35}.Release|x86.Build.0 = Release|Win32
		{9493F54A-F0C0-44E0-91F7-98109F4FF257}.Debug|x64.ActiveCfg = Debug|x64
		{9493F54A-F0C0-44E0-91F7-98109F4FF257}.Debug|x64.Build.0 = Debug|x64
		{9493F54A-F0C0-44E0-91F7-98109F4FF257}.Debug|x86.ActiveCfg = Debug|Win32
		{9493F54A-F0C0-44E0-91F7-98109F4FF257}.Debug|x86.Build.0 = Debug|Win32
		{9493F54A-F0C0-44E0-91F7-98109F4FF257}.Release|x64.ActiveCfg = Release|x64
		{9493F54A-F0C0-44E0-91F7-98109F4FF257}.Release|x64.Build.0 = Release|x64
		{9493F54A-F0C0-44E0-91F7-98109F4FF257}.Release|x86.ActiveCfg = Release|Win32
		{9493F54A-F0C0-44E0-91F7-98109F4FF257}.Release|x86.Build.0 = Release|Win32
		{C9666702-BB6C-47D6-AFFD-C3CFC7BA4A77}.Debug|x64.ActiveCfg = Debug|x64
		{C9666702-BB6C-47D6-AFFD-C3CFC7BA4A77}.Debug|x64.Build.0 = Debug|x64
		{C9666702-BB6C-47D6-AFFD-C3CFC7BA4A77}.Debug|x86.ActiveCfg = Debug|Win32
		{C9666702-BB6C-47D6-AFFD-C3CFC7BA4A77}.Debug|x86.Build.0 = Debug|Win32
		{C9666702-BB6C-47D6-AFFD-C3CFC7BA4A77}.Release|x64.ActiveCfg = Release|x64
		{C9666702-BB6C-47D6-AFFD-C3CFC7BA4A77}.Release|x64.Build.0 = Release|x64
		{C9666702-BB6C-47D6-AFFD-C3CFC7BA4A77}.Release|x86.ActiveCfg = Release|Win32
		{C9666702-BB6C-47D6-AFFD-C3CFC7BA4A77}.Release|x86.Build.0 = Release|Win32
		{1BD7778D-472A-4416-B940-1432A7FF6A2B}.Debug|x64.ActiveCfg = Debug|x64
		{1BD7778D-472A-4416-B940-1432A7FF6A2B}.Debug|x64.Build.0 = Debug|x64
		{1BD7778D-472A-4416-B940-1432A7FF6A2B}.Debug|x86.ActiveCfg = Debug|Win32
		{1BD7778D-472A-4416-B940-1432A7FF6A2B}.Debug|x86.Build.0 = Debug|Win32
		{1BD7778D-472A-4416-B940-1432A7FF6A2B}.Release|x64.ActiveCfg = Release|x64
		{1BD7778D-472A-4416-B940-1432A7FF6A2B}.Release|x64.Build.0 = Release|x64
		{1BD7778D-472A-4416-B940-1432A7FF6A2B}.Release|x86.ActiveCfg = Release|Win32
		{1BD7778D-472A-4416-B940-1432A7FF6A2B}.Release|x86.Build.0 = Release|Win32
		{FBE0C93F-2906-4FF4-AC92-9967DAB53BB4}.Debug|x64.ActiveCfg = Debug|x64
		{FBE0C93F-2906-4FF4-AC92-9967DAB53BB4}.Debug|x64.Build.0 = Debug|x64
		{FBE0C93F-2906-4FF4-AC92-9967DAB53BB4}.Debug|x86.ActiveCfg = Debug|Win32
		{FBE0C93F-2906-4FF4-AC92-9967DAB53BB4}.Debug|x86.Build.0 = Debug|Win32
		{FBE0C93F-2906-4FF4-AC92-9967DAB53BB4}.Release|x64.ActiveCfg = Release|x64
		{FBE0C93F-2906-4FF4-AC92-9967DAB53BB4}.Release|x64.Build.0 = Release|x64
		{FBE0C93F-2906-4FF4-AC92-9967DAB53BB4}.Release|x86.ActiveCfg = Release|Win32
		{FBE0C93F-2906-4FF4-AC92-9967DAB53BB4}.Release|x86.Build.0 = Release|Win32
		{0EBF8FDA-113B-4A23-AD0E-17C46B6AC192}.Debug|x64.ActiveCfg = Debug|x64
		{0EBF8FDA-113B-4A23-AD0E-17C46B6AC192}.Debug|x64.Build.0 = Debug|x64
		{0EBF8FDA-113B-4A23-AD0E-17C46B6AC192}.Debug|x86.ActiveCfg = Debug|Win32
		{0EBF8FDA-113B-4A23-AD0E-17C46B6AC192}.Debug|x86.Build.0 = Debug|Win32
		{0EBF8FDA-113B-4A23-AD0E-17C46B6AC192}.Release|x64.ActiveCfg = Release|x64
		{0EBF8FDA-113B-4A23-AD0E-17C46B6AC192}.Release|x64.Build.0 = Release|x64
		{0EBF8FDA-113B-4A23-AD0E-17C46B6AC192}.Release|x86.ActiveCfg = Release|Win32
		{0EBF8FDA-113B-4A23-AD0E-17C46B6AC192}.Release|x86.Build.0 = Release|Win32
	EndGlobalSection
	GlobalSection(SolutionProperties) = preSolution
		HideSolutionNode = FALSE
	EndGlobalSection
	GlobalSection(ExtensibilityGlobals) = postSolution
		SolutionGuid = {45B8CE71-2168-4A4B-9064-83D1F7004A63}
	EndGlobalSection
EndGlobal
