
Microsoft Visual Studio Solution File, Format Version 12.00
# Visual Studio Version 17
VisualStudioVersion = 17.11.35327.3
MinimumVisualStudioVersion = 10.0.40219.1
Project("{8BC9CEB8-8B4A-11D0-8D11-00A0C91BC942}") = "2024-10-21_0001", "2024-10-21_0001\2024-10-21_0001.vcxproj", "{B4C01148-1903-4389-8D20-B695B8014598}"
EndProject
Project("{8BC9CEB8-8B4A-11D0-8D11-00A0C91BC942}") = "2024-10-23_0001", "2024-10-23_0001\2024-10-23_0001.vcxproj", "{4729A003-DEEA-4EB5-8746-A0175B9C5285}"
EndProject
Project("{8BC9CEB8-8B4A-11D0-8D11-00A0C91BC942}") = "2024-10-28_0001", "2024-10-28_0001\2024-10-28_0001.vcxproj", "{5D355266-7E0B-407A-B376-180AB9C42E0F}"
EndProject
Project("{8BC9CEB8-8B4A-11D0-8D11-00A0C91BC942}") = "2024-10-30_0001", "2024-10-30_0001\2024-10-30_0001.vcxproj", "{0B45D310-D4C4-4592-8D43-9435BE09C9C7}"
EndProject
Project("{8BC9CEB8-8B4A-11D0-8D11-00A0C91BC942}") = "2024-11-06_0001", "2024-11-06_0001\2024-11-06_0001.vcxproj", "{2DB357BA-7A39-49BF-933E-37C66A9AF4F6}"
EndProject
Project("{8BC9CEB8-8B4A-11D0-8D11-00A0C91BC942}") = "2024-11-06_0002", "2024-11-06_0002\2024-11-06_0002.vcxproj", "{19696EC3-0A7A-4B26-926E-1D970F317462}"
EndProject
Project("{8BC9CEB8-8B4A-11D0-8D11-00A0C91BC942}") = "2024-11-06_0002-v2", "2024-11-06_0002-v2\2024-11-06_0002-v2.vcxproj", "{2FC06930-C3AD-43F3-AAD0-924A04C8FB7D}"
EndProject
Project("{8BC9CEB8-8B4A-11D0-8D11-00A0C91BC942}") = "2024-11-11_0001", "2024-11-11_0001\2024-11-11_0001.vcxproj", "{86C77783-C4D4-46CC-A08A-50C5DAA63AC8}"
EndProject
Project("{8BC9CEB8-8B4A-11D0-8D11-00A0C91BC942}") = "2024-11-13_0001", "2024-11-13_0001\2024-11-13_0001.vcxproj", "{D1269FFB-9DD1-4CB5-9828-ECF66C87CAB8}"
EndProject
Project("{8BC9CEB8-8B4A-11D0-8D11-00A0C91BC942}") = "2024-11-20_0001", "2024-11-20_0001\2024-11-20_0001.vcxproj", "{A2F84FC4-C4A2-48F6-825F-5AEF361B1D0E}"
EndProject
Project("{8BC9CEB8-8B4A-11D0-8D11-00A0C91BC942}") = "2024-11-25_0001", "2024-11-25_0001\2024-11-25_0001.vcxproj", "{0692E6A0-EA84-4F54-9932-7D7CE900E7D4}"
EndProject
Project("{8BC9CEB8-8B4A-11D0-8D11-00A0C91BC942}") = "2024-11-27_0001", "2024-11-27_0001\2024-11-27_0001.vcxproj", "{81102BA7-D3B3-4876-8D5F-083BAEC6381E}"
EndProject
Project("{8BC9CEB8-8B4A-11D0-8D11-00A0C91BC942}") = "2024-12-02_0001", "2024-12-02_0001\2024-12-02_0001.vcxproj", "{6B40E6A5-E508-4A52-A138-7AAFCAF8603A}"
EndProject
Project("{8BC9CEB8-8B4A-11D0-8D11-00A0C91BC942}") = "2024-12-04_0001", "2024-12-04_0001\2024-12-04_0001.vcxproj", "{28814D12-2CFB-4FB7-9553-7A5CDEDD428B}"
EndProject
Project("{8BC9CEB8-8B4A-11D0-8D11-00A0C91BC942}") = "2024-12-09_0001", "2024-12-09_0001\2024-12-09_0001.vcxproj", "{0FB65319-C3DB-4790-8340-2494A6CB433F}"
EndProject
Global
	GlobalSection(SolutionConfigurationPlatforms) = preSolution
		Debug|x64 = Debug|x64
		Debug|x86 = Debug|x86
		Release|x64 = Release|x64
		Release|x86 = Release|x86
	EndGlobalSection
	GlobalSection(ProjectConfigurationPlatforms) = postSolution
		{B4C01148-1903-4389-8D20-B695B8014598}.Debug|x64.ActiveCfg = Debug|x64
		{B4C01148-1903-4389-8D20-B695B8014598}.Debug|x64.Build.0 = Debug|x64
		{B4C01148-1903-4389-8D20-B695B8014598}.Debug|x86.ActiveCfg = Debug|Win32
		{B4C01148-1903-4389-8D20-B695B8014598}.Debug|x86.Build.0 = Debug|Win32
		{B4C01148-1903-4389-8D20-B695B8014598}.Release|x64.ActiveCfg = Release|x64
		{B4C01148-1903-4389-8D20-B695B8014598}.Release|x64.Build.0 = Release|x64
		{B4C01148-1903-4389-8D20-B695B8014598}.Release|x86.ActiveCfg = Release|Win32
		{B4C01148-1903-4389-8D20-B695B8014598}.Release|x86.Build.0 = Release|Win32
		{4729A003-DEEA-4EB5-8746-A0175B9C5285}.Debug|x64.ActiveCfg = Debug|x64
		{4729A003-DEEA-4EB5-8746-A0175B9C5285}.Debug|x64.Build.0 = Debug|x64
		{4729A003-DEEA-4EB5-8746-A0175B9C5285}.Debug|x86.ActiveCfg = Debug|Win32
		{4729A003-DEEA-4EB5-8746-A0175B9C5285}.Debug|x86.Build.0 = Debug|Win32
		{4729A003-DEEA-4EB5-8746-A0175B9C5285}.Release|x64.ActiveCfg = Release|x64
		{4729A003-DEEA-4EB5-8746-A0175B9C5285}.Release|x64.Build.0 = Release|x64
		{4729A003-DEEA-4EB5-8746-A0175B9C5285}.Release|x86.ActiveCfg = Release|Win32
		{4729A003-DEEA-4EB5-8746-A0175B9C5285}.Release|x86.Build.0 = Release|Win32
		{5D355266-7E0B-407A-B376-180AB9C42E0F}.Debug|x64.ActiveCfg = Debug|x64
		{5D355266-7E0B-407A-B376-180AB9C42E0F}.Debug|x64.Build.0 = Debug|x64
		{5D355266-7E0B-407A-B376-180AB9C42E0F}.Debug|x86.ActiveCfg = Debug|Win32
		{5D355266-7E0B-407A-B376-180AB9C42E0F}.Debug|x86.Build.0 = Debug|Win32
		{5D355266-7E0B-407A-B376-180AB9C42E0F}.Release|x64.ActiveCfg = Release|x64
		{5D355266-7E0B-407A-B376-180AB9C42E0F}.Release|x64.Build.0 = Release|x64
		{5D355266-7E0B-407A-B376-180AB9C42E0F}.Release|x86.ActiveCfg = Release|Win32
		{5D355266-7E0B-407A-B376-180AB9C42E0F}.Release|x86.Build.0 = Release|Win32
		{0B45D310-D4C4-4592-8D43-9435BE09C9C7}.Debug|x64.ActiveCfg = Debug|x64
		{0B45D310-D4C4-4592-8D43-9435BE09C9C7}.Debug|x64.Build.0 = Debug|x64
		{0B45D310-D4C4-4592-8D43-9435BE09C9C7}.Debug|x86.ActiveCfg = Debug|Win32
		{0B45D310-D4C4-4592-8D43-9435BE09C9C7}.Debug|x86.Build.0 = Debug|Win32
		{0B45D310-D4C4-4592-8D43-9435BE09C9C7}.Release|x64.ActiveCfg = Release|x64
		{0B45D310-D4C4-4592-8D43-9435BE09C9C7}.Release|x64.Build.0 = Release|x64
		{0B45D310-D4C4-4592-8D43-9435BE09C9C7}.Release|x86.ActiveCfg = Release|Win32
		{0B45D310-D4C4-4592-8D43-9435BE09C9C7}.Release|x86.Build.0 = Release|Win32
		{2DB357BA-7A39-49BF-933E-37C66A9AF4F6}.Debug|x64.ActiveCfg = Debug|x64
		{2DB357BA-7A39-49BF-933E-37C66A9AF4F6}.Debug|x64.Build.0 = Debug|x64
		{2DB357BA-7A39-49BF-933E-37C66A9AF4F6}.Debug|x86.ActiveCfg = Debug|Win32
		{2DB357BA-7A39-49BF-933E-37C66A9AF4F6}.Debug|x86.Build.0 = Debug|Win32
		{2DB357BA-7A39-49BF-933E-37C66A9AF4F6}.Release|x64.ActiveCfg = Release|x64
		{2DB357BA-7A39-49BF-933E-37C66A9AF4F6}.Release|x64.Build.0 = Release|x64
		{2DB357BA-7A39-49BF-933E-37C66A9AF4F6}.Release|x86.ActiveCfg = Release|Win32
		{2DB357BA-7A39-49BF-933E-37C66A9AF4F6}.Release|x86.Build.0 = Release|Win32
		{19696EC3-0A7A-4B26-926E-1D970F317462}.Debug|x64.ActiveCfg = Debug|x64
		{19696EC3-0A7A-4B26-926E-1D970F317462}.Debug|x64.Build.0 = Debug|x64
		{19696EC3-0A7A-4B26-926E-1D970F317462}.Debug|x86.ActiveCfg = Debug|Win32
		{19696EC3-0A7A-4B26-926E-1D970F317462}.Debug|x86.Build.0 = Debug|Win32
		{19696EC3-0A7A-4B26-926E-1D970F317462}.Release|x64.ActiveCfg = Release|x64
		{19696EC3-0A7A-4B26-926E-1D970F317462}.Release|x64.Build.0 = Release|x64
		{19696EC3-0A7A-4B26-926E-1D970F317462}.Release|x86.ActiveCfg = Release|Win32
		{19696EC3-0A7A-4B26-926E-1D970F317462}.Release|x86.Build.0 = Release|Win32
		{2FC06930-C3AD-43F3-AAD0-924A04C8FB7D}.Debug|x64.ActiveCfg = Debug|x64
		{2FC06930-C3AD-43F3-AAD0-924A04C8FB7D}.Debug|x64.Build.0 = Debug|x64
		{2FC06930-C3AD-43F3-AAD0-924A04C8FB7D}.Debug|x86.ActiveCfg = Debug|Win32
		{2FC06930-C3AD-43F3-AAD0-924A04C8FB7D}.Debug|x86.Build.0 = Debug|Win32
		{2FC06930-C3AD-43F3-AAD0-924A04C8FB7D}.Release|x64.ActiveCfg = Release|x64
		{2FC06930-C3AD-43F3-AAD0-924A04C8FB7D}.Release|x64.Build.0 = Release|x64
		{2FC06930-C3AD-43F3-AAD0-924A04C8FB7D}.Release|x86.ActiveCfg = Release|Win32
		{2FC06930-C3AD-43F3-AAD0-924A04C8FB7D}.Release|x86.Build.0 = Release|Win32
		{86C77783-C4D4-46CC-A08A-50C5DAA63AC8}.Debug|x64.ActiveCfg = Debug|x64
		{86C77783-C4D4-46CC-A08A-50C5DAA63AC8}.Debug|x64.Build.0 = Debug|x64
		{86C77783-C4D4-46CC-A08A-50C5DAA63AC8}.Debug|x86.ActiveCfg = Debug|Win32
		{86C77783-C4D4-46CC-A08A-50C5DAA63AC8}.Debug|x86.Build.0 = Debug|Win32
		{86C77783-C4D4-46CC-A08A-50C5DAA63AC8}.Release|x64.ActiveCfg = Release|x64
		{86C77783-C4D4-46CC-A08A-50C5DAA63AC8}.Release|x64.Build.0 = Release|x64
		{86C77783-C4D4-46CC-A08A-50C5DAA63AC8}.Release|x86.ActiveCfg = Release|Win32
		{86C77783-C4D4-46CC-A08A-50C5DAA63AC8}.Release|x86.Build.0 = Release|Win32
		{D1269FFB-9DD1-4CB5-9828-ECF66C87CAB8}.Debug|x64.ActiveCfg = Debug|x64
		{D1269FFB-9DD1-4CB5-9828-ECF66C87CAB8}.Debug|x64.Build.0 = Debug|x64
		{D1269FFB-9DD1-4CB5-9828-ECF66C87CAB8}.Debug|x86.ActiveCfg = Debug|Win32
		{D1269FFB-9DD1-4CB5-9828-ECF66C87CAB8}.Debug|x86.Build.0 = Debug|Win32
		{D1269FFB-9DD1-4CB5-9828-ECF66C87CAB8}.Release|x64.ActiveCfg = Release|x64
		{D1269FFB-9DD1-4CB5-9828-ECF66C87CAB8}.Release|x64.Build.0 = Release|x64
		{D1269FFB-9DD1-4CB5-9828-ECF66C87CAB8}.Release|x86.ActiveCfg = Release|Win32
		{D1269FFB-9DD1-4CB5-9828-ECF66C87CAB8}.Release|x86.Build.0 = Release|Win32
		{A2F84FC4-C4A2-48F6-825F-5AEF361B1D0E}.Debug|x64.ActiveCfg = Debug|x64
		{A2F84FC4-C4A2-48F6-825F-5AEF361B1D0E}.Debug|x64.Build.0 = Debug|x64
		{A2F84FC4-C4A2-48F6-825F-5AEF361B1D0E}.Debug|x86.ActiveCfg = Debug|Win32
		{A2F84FC4-C4A2-48F6-825F-5AEF361B1D0E}.Debug|x86.Build.0 = Debug|Win32
		{A2F84FC4-C4A2-48F6-825F-5AEF361B1D0E}.Release|x64.ActiveCfg = Release|x64
		{A2F84FC4-C4A2-48F6-825F-5AEF361B1D0E}.Release|x64.Build.0 = Release|x64
		{A2F84FC4-C4A2-48F6-825F-5AEF361B1D0E}.Release|x86.ActiveCfg = Release|Win32
		{A2F84FC4-C4A2-48F6-825F-5AEF361B1D0E}.Release|x86.Build.0 = Release|Win32
		{0692E6A0-EA84-4F54-9932-7D7CE900E7D4}.Debug|x64.ActiveCfg = Debug|x64
		{0692E6A0-EA84-4F54-9932-7D7CE900E7D4}.Debug|x64.Build.0 = Debug|x64
		{0692E6A0-EA84-4F54-9932-7D7CE900E7D4}.Debug|x86.ActiveCfg = Debug|Win32
		{0692E6A0-EA84-4F54-9932-7D7CE900E7D4}.Debug|x86.Build.0 = Debug|Win32
		{0692E6A0-EA84-4F54-9932-7D7CE900E7D4}.Release|x64.ActiveCfg = Release|x64
		{0692E6A0-EA84-4F54-9932-7D7CE900E7D4}.Release|x64.Build.0 = Release|x64
		{0692E6A0-EA84-4F54-9932-7D7CE900E7D4}.Release|x86.ActiveCfg = Release|Win32
		{0692E6A0-EA84-4F54-9932-7D7CE900E7D4}.Release|x86.Build.0 = Release|Win32
		{81102BA7-D3B3-4876-8D5F-083BAEC6381E}.Debug|x64.ActiveCfg = Debug|x64
		{81102BA7-D3B3-4876-8D5F-083BAEC6381E}.Debug|x64.Build.0 = Debug|x64
		{81102BA7-D3B3-4876-8D5F-083BAEC6381E}.Debug|x86.ActiveCfg = Debug|Win32
		{81102BA7-D3B3-4876-8D5F-083BAEC6381E}.Debug|x86.Build.0 = Debug|Win32
		{81102BA7-D3B3-4876-8D5F-083BAEC6381E}.Release|x64.ActiveCfg = Release|x64
		{81102BA7-D3B3-4876-8D5F-083BAEC6381E}.Release|x64.Build.0 = Release|x64
		{81102BA7-D3B3-4876-8D5F-083BAEC6381E}.Release|x86.ActiveCfg = Release|Win32
		{81102BA7-D3B3-4876-8D5F-083BAEC6381E}.Release|x86.Build.0 = Release|Win32
		{6B40E6A5-E508-4A52-A138-7AAFCAF8603A}.Debug|x64.ActiveCfg = Debug|x64
		{6B40E6A5-E508-4A52-A138-7AAFCAF8603A}.Debug|x64.Build.0 = Debug|x64
		{6B40E6A5-E508-4A52-A138-7AAFCAF8603A}.Debug|x86.ActiveCfg = Debug|Win32
		{6B40E6A5-E508-4A52-A138-7AAFCAF8603A}.Debug|x86.Build.0 = Debug|Win32
		{6B40E6A5-E508-4A52-A138-7AAFCAF8603A}.Release|x64.ActiveCfg = Release|x64
		{6B40E6A5-E508-4A52-A138-7AAFCAF8603A}.Release|x64.Build.0 = Release|x64
		{6B40E6A5-E508-4A52-A138-7AAFCAF8603A}.Release|x86.ActiveCfg = Release|Win32
		{6B40E6A5-E508-4A52-A138-7AAFCAF8603A}.Release|x86.Build.0 = Release|Win32
		{28814D12-2CFB-4FB7-9553-7A5CDEDD428B}.Debug|x64.ActiveCfg = Debug|x64
		{28814D12-2CFB-4FB7-9553-7A5CDEDD428B}.Debug|x64.Build.0 = Debug|x64
		{28814D12-2CFB-4FB7-9553-7A5CDEDD428B}.Debug|x86.ActiveCfg = Debug|Win32
		{28814D12-2CFB-4FB7-9553-7A5CDEDD428B}.Debug|x86.Build.0 = Debug|Win32
		{28814D12-2CFB-4FB7-9553-7A5CDEDD428B}.Release|x64.ActiveCfg = Release|x64
		{28814D12-2CFB-4FB7-9553-7A5CDEDD428B}.Release|x64.Build.0 = Release|x64
		{28814D12-2CFB-4FB7-9553-7A5CDEDD428B}.Release|x86.ActiveCfg = Release|Win32
		{28814D12-2CFB-4FB7-9553-7A5CDEDD428B}.Release|x86.Build.0 = Release|Win32
		{0FB65319-C3DB-4790-8340-2494A6CB433F}.Debug|x64.ActiveCfg = Debug|x64
		{0FB65319-C3DB-4790-8340-2494A6CB433F}.Debug|x64.Build.0 = Debug|x64
		{0FB65319-C3DB-4790-8340-2494A6CB433F}.Debug|x86.ActiveCfg = Debug|Win32
		{0FB65319-C3DB-4790-8340-2494A6CB433F}.Debug|x86.Build.0 = Debug|Win32
		{0FB65319-C3DB-4790-8340-2494A6CB433F}.Release|x64.ActiveCfg = Release|x64
		{0FB65319-C3DB-4790-8340-2494A6CB433F}.Release|x64.Build.0 = Release|x64
		{0FB65319-C3DB-4790-8340-2494A6CB433F}.Release|x86.ActiveCfg = Release|Win32
		{0FB65319-C3DB-4790-8340-2494A6CB433F}.Release|x86.Build.0 = Release|Win32
	EndGlobalSection
	GlobalSection(SolutionProperties) = preSolution
		HideSolutionNode = FALSE
	EndGlobalSection
	GlobalSection(ExtensibilityGlobals) = postSolution
		SolutionGuid = {45B8CE71-2168-4A4B-9064-83D1F7004A63}
	EndGlobalSection
EndGlobal
