
Microsoft Visual Studio Solution File, Format Version 12.00
# Visual Studio Version 17
VisualStudioVersion = 17.11.35327.3
MinimumVisualStudioVersion = 10.0.40219.1
Project("{8BC9CEB8-8B4A-11D0-8D11-00A0C91BC942}") = "2024-10-21_0001", "2024-10-21_0001\2024-10-21_0001.vcxproj", "{B4C01148-1903-4389-8D20-B695B8014598}"
EndProject
Project("{8BC9CEB8-8B4A-11D0-8D11-00A0C91BC942}") = "2024-10-23_0001", "2024-10-23_0001\2024-10-23_0001.vcxproj", "{4729A003-DEEA-4EB5-8746-A0175B9C5285}"
EndProject
Project("{8BC9CEB8-8B4A-11D0-8D11-00A0C91BC942}") = "2024-10-28_0001", "2024-10-28_0001\2024-10-28_0001.vcxproj", "{5D355266-7E0B-407A-B376-180AB9C42E0F}"
EndProject
Global
	GlobalSection(SolutionConfigurationPlatforms) = preSolution
		Debug|x64 = Debug|x64
		Debug|x86 = Debug|x86
		Release|x64 = Release|x64
		Release|x86 = Release|x86
	EndGlobalSection
	GlobalSection(ProjectConfigurationPlatforms) = postSolution
		{B4C01148-1903-4389-8D20-B695B8014598}.Debug|x64.ActiveCfg = Debug|x64
		{B4C01148-1903-4389-8D20-B695B8014598}.Debug|x64.Build.0 = Debug|x64
		{B4C01148-1903-4389-8D20-B695B8014598}.Debug|x86.ActiveCfg = Debug|Win32
		{B4C01148-1903-4389-8D20-B695B8014598}.Debug|x86.Build.0 = Debug|Win32
		{B4C01148-1903-4389-8D20-B695B8014598}.Release|x64.ActiveCfg = Release|x64
		{B4C01148-1903-4389-8D20-B695B8014598}.Release|x64.Build.0 = Release|x64
		{B4C01148-1903-4389-8D20-B695B8014598}.Release|x86.ActiveCfg = Release|Win32
		{B4C01148-1903-4389-8D20-B695B8014598}.Release|x86.Build.0 = Release|Win32
		{4729A003-DEEA-4EB5-8746-A0175B9C5285}.Debug|x64.ActiveCfg = Debug|x64
		{4729A003-DEEA-4EB5-8746-A0175B9C5285}.Debug|x64.Build.0 = Debug|x64
		{4729A003-DEEA-4EB5-8746-A0175B9C5285}.Debug|x86.ActiveCfg = Debug|Win32
		{4729A003-DEEA-4EB5-8746-A0175B9C5285}.Debug|x86.Build.0 = Debug|Win32
		{4729A003-DEEA-4EB5-8746-A0175B9C5285}.Release|x64.ActiveCfg = Release|x64
		{4729A003-DEEA-4EB5-8746-A0175B9C5285}.Release|x64.Build.0 = Release|x64
		{4729A003-DEEA-4EB5-8746-A0175B9C5285}.Release|x86.ActiveCfg = Release|Win32
		{4729A003-DEEA-4EB5-8746-A0175B9C5285}.Release|x86.Build.0 = Release|Win32
		{5D355266-7E0B-407A-B376-180AB9C42E0F}.Debug|x64.ActiveCfg = Debug|x64
		{5D355266-7E0B-407A-B376-180AB9C42E0F}.Debug|x64.Build.0 = Debug|x64
		{5D355266-7E0B-407A-B376-180AB9C42E0F}.Debug|x86.ActiveCfg = Debug|Win32
		{5D355266-7E0B-407A-B376-180AB9C42E0F}.Debug|x86.Build.0 = Debug|Win32
		{5D355266-7E0B-407A-B376-180AB9C42E0F}.Release|x64.ActiveCfg = Release|x64
		{5D355266-7E0B-407A-B376-180AB9C42E0F}.Release|x64.Build.0 = Release|x64
		{5D355266-7E0B-407A-B376-180AB9C42E0F}.Release|x86.ActiveCfg = Release|Win32
		{5D355266-7E0B-407A-B376-180AB9C42E0F}.Release|x86.Build.0 = Release|Win32
	EndGlobalSection
	GlobalSection(SolutionProperties) = preSolution
		HideSolutionNode = FALSE
	EndGlobalSection
	GlobalSection(ExtensibilityGlobals) = postSolution
		SolutionGuid = {45B8CE71-2168-4A4B-9064-83D1F7004A63}
	EndGlobalSection
EndGlobal
